
Microsoft Visual Studio Solution File, Format Version 12.00
# Visual Studio 15
VisualStudioVersion = 15.0.26730.15
MinimumVisualStudioVersion = 10.0.40219.1
Project("{8BC9CEB8-8B4A-11D0-8D11-00A0C91BC942}") = "1412657", "1412657\14125657.vcxproj", "{02DFBFA4-DB32-4E7E-8AB6-5C690578C32F}"
EndProject
Global
	GlobalSection(SolutionConfigurationPlatforms) = preSolution
		Debug|x64 = Debug|x64
		Debug|x86 = Debug|x86
		Release|x64 = Release|x64
		Release|x86 = Release|x86
	EndGlobalSection
	GlobalSection(ProjectConfigurationPlatforms) = postSolution
		{02DFBFA4-DB32-4E7E-8AB6-5C690578C32F}.Debug|x64.ActiveCfg = Debug|x64
		{02DFBFA4-DB32-4E7E-8AB6-5C690578C32F}.Debug|x64.Build.0 = Debug|x64
		{02DFBFA4-DB32-4E7E-8AB6-5C690578C32F}.Debug|x86.ActiveCfg = Debug|Win32
		{02DFBFA4-DB32-4E7E-8AB6-5C690578C32F}.Debug|x86.Build.0 = Debug|Win32
		{02DFBFA4-DB32-4E7E-8AB6-5C690578C32F}.Release|x64.ActiveCfg = Release|x64
		{02DFBFA4-DB32-4E7E-8AB6-5C690578C32F}.Release|x64.Build.0 = Release|x64
		{02DFBFA4-DB32-4E7E-8AB6-5C690578C32F}.Release|x86.ActiveCfg = Release|Win32
		{02DFBFA4-DB32-4E7E-8AB6-5C690578C32F}.Release|x86.Build.0 = Release|Win32
	EndGlobalSection
	GlobalSection(SolutionProperties) = preSolution
		HideSolutionNode = FALSE
	EndGlobalSection
	GlobalSection(ExtensibilityGlobals) = postSolution
		SolutionGuid = {25AF5792-884D-43EF-BACA-20816073448A}
	EndGlobalSection
EndGlobal
